
Microsoft Visual Studio Solution File, Format Version 12.00
# Visual Studio Version 17
VisualStudioVersion = 17.9.34728.123
MinimumVisualStudioVersion = 10.0.40219.1
Project("{9A19103F-16F7-4668-BE54-9A1E7A4F7556}") = "EduMVC", "EduMVC\EduMVC.csproj", "{7F079F96-8F16-4B61-8FB0-92856A3B4AEE}"
EndProject
Global
	GlobalSection(SolutionConfigurationPlatforms) = preSolution
		Debug|Any CPU = Debug|Any CPU
		Release|Any CPU = Release|Any CPU
	EndGlobalSection
	GlobalSection(ProjectConfigurationPlatforms) = postSolution
		{7F079F96-8F16-4B61-8FB0-92856A3B4AEE}.Debug|Any CPU.ActiveCfg = Debug|Any CPU
		{7F079F96-8F16-4B61-8FB0-92856A3B4AEE}.Debug|Any CPU.Build.0 = Debug|Any CPU
		{7F079F96-8F16-4B61-8FB0-92856A3B4AEE}.Release|Any CPU.ActiveCfg = Release|Any CPU
		{7F079F96-8F16-4B61-8FB0-92856A3B4AEE}.Release|Any CPU.Build.0 = Release|Any CPU
	EndGlobalSection
	GlobalSection(SolutionProperties) = preSolution
		HideSolutionNode = FALSE
	EndGlobalSection
	GlobalSection(ExtensibilityGlobals) = postSolution
		SolutionGuid = {A1CA1962-4E73-4785-9734-941028CA4A7A}
	EndGlobalSection
EndGlobal
